<?xml version="1.0" encoding="utf-8"?>
<Project ToolsVersion="4.0" xmlns="http://schemas.microsoft.com/developer/msbuild/2003">
  <ItemGroup>
    <Filter Include="소스 파일">
      <UniqueIdentifier>{4FC737F1-C7A5-4376-A066-2A32D752A2FF}</UniqueIdentifier>
      <Extensions>cpp;c;cc;cxx;c++;cppm;ixx;def;odl;idl;hpj;bat;asm;asmx</Extensions>
    </Filter>
    <Filter Include="헤더 파일">
      <UniqueIdentifier>{93995380-89BD-4b04-88EB-625FBE52EBFB}</UniqueIdentifier>
      <Extensions>h;hh;hpp;hxx;h++;hm;inl;inc;ipp;xsd</Extensions>
    </Filter>
    <Filter Include="리소스 파일">
      <UniqueIdentifier>{67DA6AB6-F800-4c08-8B7A-83BB121AAD01}</UniqueIdentifier>
      <Extensions>rc;ico;cur;bmp;dlg;rc2;rct;bin;rgs;gif;jpg;jpeg;jpe;resx;tiff;tif;png;wav;mfcribbon-ms</Extensions>
    </Filter>
  </ItemGroup>
  <ItemGroup>
    <ClCompile Include="main.cpp">
      <Filter>소스 파일</Filter>
    </ClCompile>
    <ClCompile Include="ReadParam.cpp">
      <Filter>소스 파일</Filter>
    </ClCompile>
    <ClCompile Include="FrameCamera.cpp">
      <Filter>소스 파일</Filter>
    </ClCompile>
    <ClCompile Include="Project1.cpp">
      <Filter>소스 파일</Filter>
    </ClCompile>
    <ClCompile Include="GeometricTransformation.cpp">
      <Filter>소스 파일</Filter>
    </ClCompile>
    <ClCompile Include="3d_image_programming.h">
      <Filter>헤더 파일</Filter>
    </ClCompile>
    <ClCompile Include="3d_image_programming.cpp">
      <Filter>소스 파일</Filter>
    </ClCompile>
    <ClCompile Include="3d_image_sample.cpp">
      <Filter>소스 파일</Filter>
    </ClCompile>
    <ClCompile Include="FrmCamera.cpp">
      <Filter>소스 파일</Filter>
    </ClCompile>
    <ClCompile Include="FrmCameraStereoModel.cpp">
      <Filter>소스 파일</Filter>
    </ClCompile>
  </ItemGroup>
  <ItemGroup>
    <ClInclude Include="ReadParam.h">
      <Filter>헤더 파일</Filter>
    </ClInclude>
    <ClInclude Include="FrameCamera.h">
      <Filter>헤더 파일</Filter>
    </ClInclude>
    <ClInclude Include="Project1.h">
      <Filter>헤더 파일</Filter>
    </ClInclude>
    <ClInclude Include="GeometricTransformation.h">
      <Filter>헤더 파일</Filter>
    </ClInclude>
    <ClInclude Include="3d_image_sample.h">
      <Filter>헤더 파일</Filter>
    </ClInclude>
    <ClInclude Include="FrmCamera.h">
      <Filter>헤더 파일</Filter>
    </ClInclude>
    <ClInclude Include="FrmCameraStereoModel.h">
      <Filter>헤더 파일</Filter>
    </ClInclude>
  </ItemGroup>
  <ItemGroup>
    <Text Include="resource\GCP.txt">
      <Filter>리소스 파일</Filter>
    </Text>
    <Text Include="resource\input_EOP.txt">
      <Filter>리소스 파일</Filter>
    </Text>
    <Text Include="resource\IOFile_Metric.txt">
      <Filter>리소스 파일</Filter>
    </Text>
    <Text Include="resource\MatchOut_100_0005_0057_100_0005_0058_PL4_PCD_TP.txt">
      <Filter>리소스 파일</Filter>
    </Text>
    <Text Include="resource\out_EOP.txt">
      <Filter>리소스 파일</Filter>
    </Text>
    <Text Include="resource\out_IOP.txt">
      <Filter>리소스 파일</Filter>
    </Text>
    <Text Include="resource\tieout.txt">
      <Filter>리소스 파일</Filter>
    </Text>
    <Text Include="resource\tiepoint.txt">
      <Filter>리소스 파일</Filter>
    </Text>
    <Text Include="resource\tiepoint_for_final_exam.txt">
      <Filter>리소스 파일</Filter>
    </Text>
    <Text Include="resource\xyz_out.txt">
      <Filter>리소스 파일</Filter>
    </Text>
  </ItemGroup>
  <ItemGroup>
    <Image Include="resource\100_0005_0057.JPG">
      <Filter>리소스 파일</Filter>
    </Image>
    <Image Include="resource\100_0005_0058.JPG">
      <Filter>리소스 파일</Filter>
    </Image>
    <Image Include="resource\100_0007_0001.JPG">
      <Filter>리소스 파일</Filter>
    </Image>
    <Image Include="resource\123.png">
      <Filter>리소스 파일</Filter>
    </Image>
    <Image Include="resource\010264.png">
      <Filter>리소스 파일</Filter>
    </Image>
    <Image Include="resource\lena.jpg">
      <Filter>리소스 파일</Filter>
    </Image>
    <Image Include="resource\R0047607.JPG">
      <Filter>리소스 파일</Filter>
    </Image>
    <Image Include="resource\R0047608.JPG">
      <Filter>리소스 파일</Filter>
    </Image>
    <Image Include="resource\R0047609.JPG">
      <Filter>리소스 파일</Filter>
    </Image>
    <Image Include="resource\R0047610.JPG">
      <Filter>리소스 파일</Filter>
    </Image>
    <Image Include="resource\R0047611.JPG">
      <Filter>리소스 파일</Filter>
    </Image>
    <Image Include="resource\R0047612.JPG">
      <Filter>리소스 파일</Filter>
    </Image>
    <Image Include="resource\R0047613.JPG">
      <Filter>리소스 파일</Filter>
    </Image>
    <Image Include="resource\R0047614.JPG">
      <Filter>리소스 파일</Filter>
    </Image>
    <Image Include="resource\R0047615.JPG">
      <Filter>리소스 파일</Filter>
    </Image>
    <Image Include="resource\R0047616.JPG">
      <Filter>리소스 파일</Filter>
    </Image>
    <Image Include="resource\R0047617.JPG">
      <Filter>리소스 파일</Filter>
    </Image>
    <Image Include="resource\R0047618.JPG">
      <Filter>리소스 파일</Filter>
    </Image>
    <Image Include="resource\R0047619.JPG">
      <Filter>리소스 파일</Filter>
    </Image>
    <Image Include="resource\R0047620.JPG">
      <Filter>리소스 파일</Filter>
    </Image>
    <Image Include="resource\R0047621.JPG">
      <Filter>리소스 파일</Filter>
    </Image>
    <Image Include="resource\R0047622.JPG">
      <Filter>리소스 파일</Filter>
    </Image>
    <Image Include="resource\R0047623.JPG">
      <Filter>리소스 파일</Filter>
    </Image>
    <Image Include="resource\R0047624.JPG">
      <Filter>리소스 파일</Filter>
    </Image>
    <Image Include="resource\R0047625.JPG">
      <Filter>리소스 파일</Filter>
    </Image>
    <Image Include="resource\R0047626.JPG">
      <Filter>리소스 파일</Filter>
    </Image>
    <Image Include="resource\R0047627.JPG">
      <Filter>리소스 파일</Filter>
    </Image>
    <Image Include="resource\R0047628.JPG">
      <Filter>리소스 파일</Filter>
    </Image>
    <Image Include="resource\R0047629.JPG">
      <Filter>리소스 파일</Filter>
    </Image>
    <Image Include="resource\R0047630.JPG">
      <Filter>리소스 파일</Filter>
    </Image>
    <Image Include="resource\R0047631.JPG">
      <Filter>리소스 파일</Filter>
    </Image>
    <Image Include="resource\R0047632.JPG">
      <Filter>리소스 파일</Filter>
    </Image>
    <Image Include="resource\R0047633.JPG">
      <Filter>리소스 파일</Filter>
    </Image>
    <Image Include="resource\R0047634.JPG">
      <Filter>리소스 파일</Filter>
    </Image>
    <Image Include="resource\R0047635.JPG">
      <Filter>리소스 파일</Filter>
    </Image>
    <Image Include="resource\R0047636.JPG">
      <Filter>리소스 파일</Filter>
    </Image>
    <Image Include="resource\R0047637.JPG">
      <Filter>리소스 파일</Filter>
    </Image>
    <Image Include="resource\R0047638.JPG">
      <Filter>리소스 파일</Filter>
    </Image>
    <Image Include="resource\R0047639.JPG">
      <Filter>리소스 파일</Filter>
    </Image>
    <Image Include="resource\R0047640.JPG">
      <Filter>리소스 파일</Filter>
    </Image>
    <Image Include="resource\R0047641.JPG">
      <Filter>리소스 파일</Filter>
    </Image>
    <Image Include="resource\R0047642.JPG">
      <Filter>리소스 파일</Filter>
    </Image>
    <Image Include="resource\R0047643.JPG">
      <Filter>리소스 파일</Filter>
    </Image>
    <Image Include="resource\R0047644.JPG">
      <Filter>리소스 파일</Filter>
    </Image>
    <Image Include="resource\R0047645.JPG">
      <Filter>리소스 파일</Filter>
    </Image>
    <Image Include="resource\R0047646.JPG">
      <Filter>리소스 파일</Filter>
    </Image>
    <Image Include="resource\R0047647.JPG">
      <Filter>리소스 파일</Filter>
    </Image>
    <Image Include="resource\R0047648.JPG">
      <Filter>리소스 파일</Filter>
    </Image>
    <Image Include="resource\R0047649.JPG">
      <Filter>리소스 파일</Filter>
    </Image>
    <Image Include="resource\R0047650.JPG">
      <Filter>리소스 파일</Filter>
    </Image>
    <Image Include="resource\R0047651.JPG">
      <Filter>리소스 파일</Filter>
    </Image>
    <Image Include="resource\R0047652.JPG">
      <Filter>리소스 파일</Filter>
    </Image>
    <Image Include="resource\R0047653.JPG">
      <Filter>리소스 파일</Filter>
    </Image>
    <Image Include="resource\R0047654.JPG">
      <Filter>리소스 파일</Filter>
    </Image>
    <Image Include="resource\R0047655.JPG">
      <Filter>리소스 파일</Filter>
    </Image>
    <Image Include="resource\R0047656.JPG">
      <Filter>리소스 파일</Filter>
    </Image>
    <Image Include="resource\R0047657.JPG">
      <Filter>리소스 파일</Filter>
    </Image>
    <Image Include="resource\R0047658.JPG">
      <Filter>리소스 파일</Filter>
    </Image>
    <Image Include="resource\R0047659.JPG">
      <Filter>리소스 파일</Filter>
    </Image>
    <Image Include="resource\R0047660.JPG">
      <Filter>리소스 파일</Filter>
    </Image>
    <Image Include="resource\R0047661.JPG">
      <Filter>리소스 파일</Filter>
    </Image>
    <Image Include="resource\R0047662.JPG">
      <Filter>리소스 파일</Filter>
    </Image>
    <Image Include="resource\R0047663.JPG">
      <Filter>리소스 파일</Filter>
    </Image>
    <Image Include="resource\R0047664.JPG">
      <Filter>리소스 파일</Filter>
    </Image>
  </ItemGroup>
</Project>